
Microsoft Visual Studio Solution File, Format Version 12.00
# Visual Studio Version 17
VisualStudioVersion = 17.14.36930.0
MinimumVisualStudioVersion = 10.0.40219.1
Project("{FAE04EC0-301F-11D3-BF4B-00C04F79EFBC}") = "CrewToolsCommon", "CrewToolsCommon\CrewToolsCommon.csproj", "{1A9D4ED7-26DE-43F3-84FC-1ABA4DD21AF4}"
EndProject
Project("{FAE04EC0-301F-11D3-BF4B-00C04F79EFBC}") = "Gibbed.Dunia2.FileFormats", "Gibbed.Dunia2\Gibbed.Dunia2.FileFormats\Gibbed.Dunia2.FileFormats.csproj", "{F79AFC46-3E74-885D-5C04-1F382C2CD7FE}"
EndProject
Project("{FAE04EC0-301F-11D3-BF4B-00C04F79EFBC}") = "Gibbed.IO", "Gibbed.Dunia2\Gibbed.IO\Gibbed.IO.csproj", "{2832DCE8-B180-CDB5-C97A-60A77445ABAD}"
EndProject
Project("{FAE04EC0-301F-11D3-BF4B-00C04F79EFBC}") = "Gibbed.ProjectData", "Gibbed.Dunia2\Gibbed.ProjectData\Gibbed.ProjectData.csproj", "{0A57DA3B-6F3E-526E-C7AB-1777E362306D}"
EndProject
Project("{FAE04EC0-301F-11D3-BF4B-00C04F79EFBC}") = "TC1StickerTool", "TC1StickerTool\TC1StickerTool.csproj", "{F2B7019E-1181-53F0-3509-DA2D59A78F8B}"
EndProject
Project("{FAE04EC0-301F-11D3-BF4B-00C04F79EFBC}") = "TC1MissionMaker", "TC1MissionMaker\TC1MissionMaker.csproj", "{2BFDC22E-6111-6BF0-9E66-DFBD2862A8E2}"
EndProject
Global
	GlobalSection(SolutionConfigurationPlatforms) = preSolution
		Debug|Any CPU = Debug|Any CPU
		Release|Any CPU = Release|Any CPU
	EndGlobalSection
	GlobalSection(ProjectConfigurationPlatforms) = postSolution
		{1A9D4ED7-26DE-43F3-84FC-1ABA4DD21AF4}.Debug|Any CPU.ActiveCfg = Debug|Any CPU
		{1A9D4ED7-26DE-43F3-84FC-1ABA4DD21AF4}.Debug|Any CPU.Build.0 = Debug|Any CPU
		{1A9D4ED7-26DE-43F3-84FC-1ABA4DD21AF4}.Release|Any CPU.ActiveCfg = Release|Any CPU
		{1A9D4ED7-26DE-43F3-84FC-1ABA4DD21AF4}.Release|Any CPU.Build.0 = Release|Any CPU
		{F79AFC46-3E74-885D-5C04-1F382C2CD7FE}.Debug|Any CPU.ActiveCfg = Debug|Any CPU
		{F79AFC46-3E74-885D-5C04-1F382C2CD7FE}.Debug|Any CPU.Build.0 = Debug|Any CPU
		{F79AFC46-3E74-885D-5C04-1F382C2CD7FE}.Release|Any CPU.ActiveCfg = Release|Any CPU
		{F79AFC46-3E74-885D-5C04-1F382C2CD7FE}.Release|Any CPU.Build.0 = Release|Any CPU
		{2832DCE8-B180-CDB5-C97A-60A77445ABAD}.Debug|Any CPU.ActiveCfg = Debug|Any CPU
		{2832DCE8-B180-CDB5-C97A-60A77445ABAD}.Debug|Any CPU.Build.0 = Debug|Any CPU
		{2832DCE8-B180-CDB5-C97A-60A77445ABAD}.Release|Any CPU.ActiveCfg = Release|Any CPU
		{2832DCE8-B180-CDB5-C97A-60A77445ABAD}.Release|Any CPU.Build.0 = Release|Any CPU
		{0A57DA3B-6F3E-526E-C7AB-1777E362306D}.Debug|Any CPU.ActiveCfg = Debug|Any CPU
		{0A57DA3B-6F3E-526E-C7AB-1777E362306D}.Debug|Any CPU.Build.0 = Debug|Any CPU
		{0A57DA3B-6F3E-526E-C7AB-1777E362306D}.Release|Any CPU.ActiveCfg = Release|Any CPU
		{0A57DA3B-6F3E-526E-C7AB-1777E362306D}.Release|Any CPU.Build.0 = Release|Any CPU
		{F2B7019E-1181-53F0-3509-DA2D59A78F8B}.Debug|Any CPU.ActiveCfg = Debug|Any CPU
		{F2B7019E-1181-53F0-3509-DA2D59A78F8B}.Debug|Any CPU.Build.0 = Debug|Any CPU
		{F2B7019E-1181-53F0-3509-DA2D59A78F8B}.Release|Any CPU.ActiveCfg = Release|Any CPU
		{F2B7019E-1181-53F0-3509-DA2D59A78F8B}.Release|Any CPU.Build.0 = Release|Any CPU
		{2BFDC22E-6111-6BF0-9E66-DFBD2862A8E2}.Debug|Any CPU.ActiveCfg = Debug|Any CPU
		{2BFDC22E-6111-6BF0-9E66-DFBD2862A8E2}.Debug|Any CPU.Build.0 = Debug|Any CPU
		{2BFDC22E-6111-6BF0-9E66-DFBD2862A8E2}.Release|Any CPU.ActiveCfg = Release|Any CPU
		{2BFDC22E-6111-6BF0-9E66-DFBD2862A8E2}.Release|Any CPU.Build.0 = Release|Any CPU
	EndGlobalSection
	GlobalSection(SolutionProperties) = preSolution
		HideSolutionNode = FALSE
	EndGlobalSection
	GlobalSection(ExtensibilityGlobals) = postSolution
		SolutionGuid = {85A24DDA-697F-4D7B-B545-B663530A0A93}
	EndGlobalSection
EndGlobal
